
Microsoft Visual Studio Solution File, Format Version 12.00
# Visual Studio Version 17
VisualStudioVersion = 17.1.32210.238
MinimumVisualStudioVersion = 10.0.40219.1
Project("{9A19103F-16F7-4668-BE54-9A1E7A4F7556}") = "ConversorMoedas.Api", "ConversorMoedas\ConversorMoedas.Api.csproj", "{B8BE3BFF-F707-4C51-AAA8-23173BBF9637}"
EndProject
Project("{9A19103F-16F7-4668-BE54-9A1E7A4F7556}") = "ConversorMoedas.Domain", "ConversorMoedas.Domain\ConversorMoedas.Domain.csproj", "{ADE03729-4928-4436-BBA6-6449E6AEEE15}"
EndProject
Project("{9A19103F-16F7-4668-BE54-9A1E7A4F7556}") = "ConversorMoedas.Common", "ConversorMoedas.Common\ConversorMoedas.Common.csproj", "{9BBA8278-5254-4623-A131-15913A01E7AD}"
EndProject
Project("{9A19103F-16F7-4668-BE54-9A1E7A4F7556}") = "ConversorMoedas.Repository", "ConversorMoedas.Repository\ConversorMoedas.Repository.csproj", "{1C529977-7805-417F-A3E6-17D02E90C67B}"
EndProject
Project("{9A19103F-16F7-4668-BE54-9A1E7A4F7556}") = "ConversorMoedas.Services", "ConversorMoedas.Services\ConversorMoedas.Services.csproj", "{926F46A0-6A02-49CD-A855-31B252454486}"
EndProject
Global
	GlobalSection(SolutionConfigurationPlatforms) = preSolution
		Debug|Any CPU = Debug|Any CPU
		Release|Any CPU = Release|Any CPU
	EndGlobalSection
	GlobalSection(ProjectConfigurationPlatforms) = postSolution
		{B8BE3BFF-F707-4C51-AAA8-23173BBF9637}.Debug|Any CPU.ActiveCfg = Debug|Any CPU
		{B8BE3BFF-F707-4C51-AAA8-23173BBF9637}.Debug|Any CPU.Build.0 = Debug|Any CPU
		{B8BE3BFF-F707-4C51-AAA8-23173BBF9637}.Release|Any CPU.ActiveCfg = Release|Any CPU
		{B8BE3BFF-F707-4C51-AAA8-23173BBF9637}.Release|Any CPU.Build.0 = Release|Any CPU
		{ADE03729-4928-4436-BBA6-6449E6AEEE15}.Debug|Any CPU.ActiveCfg = Debug|Any CPU
		{ADE03729-4928-4436-BBA6-6449E6AEEE15}.Debug|Any CPU.Build.0 = Debug|Any CPU
		{ADE03729-4928-4436-BBA6-6449E6AEEE15}.Release|Any CPU.ActiveCfg = Release|Any CPU
		{ADE03729-4928-4436-BBA6-6449E6AEEE15}.Release|Any CPU.Build.0 = Release|Any CPU
		{9BBA8278-5254-4623-A131-15913A01E7AD}.Debug|Any CPU.ActiveCfg = Debug|Any CPU
		{9BBA8278-5254-4623-A131-15913A01E7AD}.Debug|Any CPU.Build.0 = Debug|Any CPU
		{9BBA8278-5254-4623-A131-15913A01E7AD}.Release|Any CPU.ActiveCfg = Release|Any CPU
		{9BBA8278-5254-4623-A131-15913A01E7AD}.Release|Any CPU.Build.0 = Release|Any CPU
		{1C529977-7805-417F-A3E6-17D02E90C67B}.Debug|Any CPU.ActiveCfg = Debug|Any CPU
		{1C529977-7805-417F-A3E6-17D02E90C67B}.Debug|Any CPU.Build.0 = Debug|Any CPU
		{1C529977-7805-417F-A3E6-17D02E90C67B}.Release|Any CPU.ActiveCfg = Release|Any CPU
		{1C529977-7805-417F-A3E6-17D02E90C67B}.Release|Any CPU.Build.0 = Release|Any CPU
		{926F46A0-6A02-49CD-A855-31B252454486}.Debug|Any CPU.ActiveCfg = Debug|Any CPU
		{926F46A0-6A02-49CD-A855-31B252454486}.Debug|Any CPU.Build.0 = Debug|Any CPU
		{926F46A0-6A02-49CD-A855-31B252454486}.Release|Any CPU.ActiveCfg = Release|Any CPU
		{926F46A0-6A02-49CD-A855-31B252454486}.Release|Any CPU.Build.0 = Release|Any CPU
	EndGlobalSection
	GlobalSection(SolutionProperties) = preSolution
		HideSolutionNode = FALSE
	EndGlobalSection
	GlobalSection(ExtensibilityGlobals) = postSolution
		SolutionGuid = {2CCC31B9-A57D-43FF-A5C6-F7917596A2E9}
	EndGlobalSection
EndGlobal
